
Microsoft Visual Studio Solution File, Format Version 12.00
# Visual Studio Version 17
VisualStudioVersion = 17.11.35303.130
MinimumVisualStudioVersion = 10.0.40219.1
Project("{FAE04EC0-301F-11D3-BF4B-00C04F79EFBC}") = "CEPDI.TECHTEST.Api", "CEPDI.TECHTEST.API\CEPDI.TECHTEST.Api.csproj", "{6EB584EE-7664-4C0F-AE1C-F4EFABA2E9AD}"
EndProject
Project("{FAE04EC0-301F-11D3-BF4B-00C04F79EFBC}") = "CEPDI.TECHTEST.Entities", "CEPDI.TECHTEST.MODELS\CEPDI.TECHTEST.Entities.csproj", "{D9B908D9-7910-4947-8D73-6BDD3B880DF9}"
EndProject
Project("{FAE04EC0-301F-11D3-BF4B-00C04F79EFBC}") = "CEPDI.TECHTEST.Web", "CEPDI.TECHTEST.Web\CEPDI.TECHTEST.Web.csproj", "{A893CE14-9F53-475A-80EE-FB1541F4DCD6}"
EndProject
Global
	GlobalSection(SolutionConfigurationPlatforms) = preSolution
		Debug|Any CPU = Debug|Any CPU
		Release|Any CPU = Release|Any CPU
	EndGlobalSection
	GlobalSection(ProjectConfigurationPlatforms) = postSolution
		{6EB584EE-7664-4C0F-AE1C-F4EFABA2E9AD}.Debug|Any CPU.ActiveCfg = Debug|Any CPU
		{6EB584EE-7664-4C0F-AE1C-F4EFABA2E9AD}.Debug|Any CPU.Build.0 = Debug|Any CPU
		{6EB584EE-7664-4C0F-AE1C-F4EFABA2E9AD}.Release|Any CPU.ActiveCfg = Release|Any CPU
		{6EB584EE-7664-4C0F-AE1C-F4EFABA2E9AD}.Release|Any CPU.Build.0 = Release|Any CPU
		{D9B908D9-7910-4947-8D73-6BDD3B880DF9}.Debug|Any CPU.ActiveCfg = Debug|Any CPU
		{D9B908D9-7910-4947-8D73-6BDD3B880DF9}.Debug|Any CPU.Build.0 = Debug|Any CPU
		{D9B908D9-7910-4947-8D73-6BDD3B880DF9}.Release|Any CPU.ActiveCfg = Release|Any CPU
		{D9B908D9-7910-4947-8D73-6BDD3B880DF9}.Release|Any CPU.Build.0 = Release|Any CPU
		{A893CE14-9F53-475A-80EE-FB1541F4DCD6}.Debug|Any CPU.ActiveCfg = Debug|Any CPU
		{A893CE14-9F53-475A-80EE-FB1541F4DCD6}.Debug|Any CPU.Build.0 = Debug|Any CPU
		{A893CE14-9F53-475A-80EE-FB1541F4DCD6}.Release|Any CPU.ActiveCfg = Release|Any CPU
		{A893CE14-9F53-475A-80EE-FB1541F4DCD6}.Release|Any CPU.Build.0 = Release|Any CPU
	EndGlobalSection
	GlobalSection(SolutionProperties) = preSolution
		HideSolutionNode = FALSE
	EndGlobalSection
	GlobalSection(ExtensibilityGlobals) = postSolution
		SolutionGuid = {20B107CE-3E0B-474F-B4F7-52F189DBE1A6}
	EndGlobalSection
EndGlobal
